
Microsoft Visual Studio Solution File, Format Version 12.00
# Visual Studio Version 17
VisualStudioVersion = 17.14.36127.28 d17.14
MinimumVisualStudioVersion = 10.0.40219.1
Project("{FAE04EC0-301F-11D3-BF4B-00C04F79EFBC}") = "EmployeeTable", "EmployeeTable\EmployeeTable.csproj", "{44A9D261-2896-4685-957C-D9EDA34916E2}"
EndProject
Global
	GlobalSection(SolutionConfigurationPlatforms) = preSolution
		Debug|Any CPU = Debug|Any CPU
		Release|Any CPU = Release|Any CPU
	EndGlobalSection
	GlobalSection(ProjectConfigurationPlatforms) = postSolution
		{44A9D261-2896-4685-957C-D9EDA34916E2}.Debug|Any CPU.ActiveCfg = Debug|Any CPU
		{44A9D261-2896-4685-957C-D9EDA34916E2}.Debug|Any CPU.Build.0 = Debug|Any CPU
		{44A9D261-2896-4685-957C-D9EDA34916E2}.Release|Any CPU.ActiveCfg = Release|Any CPU
		{44A9D261-2896-4685-957C-D9EDA34916E2}.Release|Any CPU.Build.0 = Release|Any CPU
	EndGlobalSection
	GlobalSection(SolutionProperties) = preSolution
		HideSolutionNode = FALSE
	EndGlobalSection
	GlobalSection(ExtensibilityGlobals) = postSolution
		SolutionGuid = {B7A81C8A-0CA8-422C-8CAC-36D8A271EDB0}
	EndGlobalSection
EndGlobal
